
Microsoft Visual Studio Solution File, Format Version 12.00
# Visual Studio Version 17
VisualStudioVersion = 17.1.32407.343
MinimumVisualStudioVersion = 10.0.40219.1
Project("{9A19103F-16F7-4668-BE54-9A1E7A4F7556}") = "Autofac.Implementation", "Autofac.Implementation\Autofac.Implementation.csproj", "{3C6A4F50-A1E7-4084-AAFA-13046D9D171B}"
EndProject
Project("{9A19103F-16F7-4668-BE54-9A1E7A4F7556}") = "Without.DI", "Without.DI\Without.DI.csproj", "{9950A3C9-42A3-464E-8C50-178CFD2B24CB}"
EndProject
Project("{9A19103F-16F7-4668-BE54-9A1E7A4F7556}") = "DefaultRegistrations", "DefaultRegistrations\DefaultRegistrations.csproj", "{CAF243F4-AEC6-4DFA-A401-5B11DB0EF96C}"
EndProject
Project("{9A19103F-16F7-4668-BE54-9A1E7A4F7556}") = "ChoiceOfConstructor", "ChoiceOfConstructor\ChoiceOfConstructor.csproj", "{A743CF38-4B56-4B9E-9F60-6F7A0D9820B0}"
EndProject
Project("{9A19103F-16F7-4668-BE54-9A1E7A4F7556}") = "RegisteringInstances", "RegisteringInstances\RegisteringInstances.csproj", "{D9E7EF7F-34FD-430F-BF6A-D68EA97AF15C}"
EndProject
Project("{9A19103F-16F7-4668-BE54-9A1E7A4F7556}") = "LambdaExpressionComponents", "LambdaExpressionComponents\LambdaExpressionComponents.csproj", "{2966586E-63F3-4EA4-97D5-95AE7AE407A4}"
EndProject
Project("{9A19103F-16F7-4668-BE54-9A1E7A4F7556}") = "OpenGenericComponents", "OpenGenericComponents\OpenGenericComponents.csproj", "{4F2F94E7-F788-4C87-BCED-ED85E0E26CF8}"
EndProject
Project("{2150E333-8FDC-42A3-9474-1A3956D46DE8}") = "RegistrationConcepts", "RegistrationConcepts", "{AE5D1FE2-5D03-4747-AC6B-7F8DF733E5EE}"
EndProject
Project("{2150E333-8FDC-42A3-9474-1A3956D46DE8}") = "AdvancedRegistrationConcepts", "AdvancedRegistrationConcepts", "{041967AE-1254-4DBF-9344-0B822A03FF08}"
EndProject
Project("{9A19103F-16F7-4668-BE54-9A1E7A4F7556}") = "PassingParametersToRegister", "PassingParametersToRegister\PassingParametersToRegister.csproj", "{49A164AC-7445-4EE6-B3AA-3B7DE02BAB4F}"
EndProject
Project("{9A19103F-16F7-4668-BE54-9A1E7A4F7556}") = "DelegateFactories", "DelegateFactories\DelegateFactories.csproj", "{2D88CEE8-3C5F-48FB-ACA4-DDB4571CA78C}"
EndProject
Project("{9A19103F-16F7-4668-BE54-9A1E7A4F7556}") = "ObjectsOnDemand", "ObjectsOnDemand\ObjectsOnDemand.csproj", "{F6986B75-1B66-4D2D-80E2-8DDD8977456B}"
EndProject
Project("{9A19103F-16F7-4668-BE54-9A1E7A4F7556}") = "PropertyAndMethodInjection", "PropertyAndMethodInjection\PropertyAndMethodInjection.csproj", "{5773E30B-E078-4D3D-BA9F-ACB9EA9BE036}"
EndProject
Project("{9A19103F-16F7-4668-BE54-9A1E7A4F7556}") = "ScanningForTypes", "ScanningForTypes\ScanningForTypes.csproj", "{02454647-E407-4F07-8E6C-4C6C201AFB8E}"
EndProject
Project("{9A19103F-16F7-4668-BE54-9A1E7A4F7556}") = "ScanningForModules", "ScanningForModules\ScanningForModules.csproj", "{FE9C013D-1C83-4134-8C47-7B5B37C239B3}"
EndProject
Project("{2150E333-8FDC-42A3-9474-1A3956D46DE8}") = "ImplicitRelationshipTypes", "ImplicitRelationshipTypes", "{9C64ECD1-8EA6-4EFF-A969-B288B10418D1}"
EndProject
Project("{9A19103F-16F7-4668-BE54-9A1E7A4F7556}") = "Overview", "Overview\Overview.csproj", "{C83436F1-8098-4CB6-A33E-7DC27F154CBE}"
EndProject
Project("{9A19103F-16F7-4668-BE54-9A1E7A4F7556}") = "Summary", "Summary\Summary.csproj", "{1DA45AA3-2F70-489B-9A80-A63E88F3498A}"
EndProject
Project("{2150E333-8FDC-42A3-9474-1A3956D46DE8}") = "ControllingScopeAndLifeTime", "ControllingScopeAndLifeTime", "{06782CB3-66D5-47E1-B5C9-0C4DC95CD318}"
EndProject
Project("{9A19103F-16F7-4668-BE54-9A1E7A4F7556}") = "InstanceScope", "InstanceScope\InstanceScope.csproj", "{17123D59-8737-48D5-86FD-B9EFDE798828}"
EndProject
Project("{9A19103F-16F7-4668-BE54-9A1E7A4F7556}") = "CaptiveDependencies", "CaptiveDependencies\CaptiveDependencies.csproj", "{896648AC-4DDA-4042-A78A-3EB44BFA9933}"
EndProject
Project("{9A19103F-16F7-4668-BE54-9A1E7A4F7556}") = "Disposal", "Disposal\Disposal.csproj", "{AFB0C996-7BC5-48AC-AFF8-5037425DFF3A}"
EndProject
Project("{9A19103F-16F7-4668-BE54-9A1E7A4F7556}") = "LifetimeEvents", "LifetimeEvents\LifetimeEvents.csproj", "{C9D92C43-9081-463A-A9E4-96A46B3D2396}"
EndProject
Project("{9A19103F-16F7-4668-BE54-9A1E7A4F7556}") = "RunningCodeAtStartup", "RunningCodeAtStartup\RunningCodeAtStartup.csproj", "{19EA4E83-35F5-4E30-8180-5CAE3F7DEE08}"
EndProject
Project("{2150E333-8FDC-42A3-9474-1A3956D46DE8}") = "Configuration", "Configuration", "{95F1FBD4-3A68-4029-BB4B-40F3A9A290E3}"
EndProject
Project("{9A19103F-16F7-4668-BE54-9A1E7A4F7556}") = "UsingModules", "UsingModules\UsingModules.csproj", "{8CAB2E18-FDDF-4ED9-94E9-2689177D63E9}"
EndProject
Project("{9A19103F-16F7-4668-BE54-9A1E7A4F7556}") = "Json_XML_ConfigurationWithMicrosoftConfiguration", "Json_XML_ConfigurationWithMicrosoftConfiguration\Json_XML_ConfigurationWithMicrosoftConfiguration.csproj", "{3FC84432-07A5-480B-BF2E-4082F1A61F3C}"
EndProject
Project("{FAE04EC0-301F-11D3-BF4B-00C04F79EFBC}") = "ComponentOptions", "ComponentOptions\ComponentOptions.csproj", "{84725A3E-CEF2-465C-B3E0-96C82B8C8C60}"
EndProject
Project("{FAE04EC0-301F-11D3-BF4B-00C04F79EFBC}") = "ConfigurationofModules", "ConfigurationofModules\ConfigurationofModules.csproj", "{BC444FA0-5B81-41FF-BCE9-25317C1EEEEB}"
EndProject
Project("{2150E333-8FDC-42A3-9474-1A3956D46DE8}") = "AdvancedTopics", "AdvancedTopics", "{2B7E6D47-5FAE-4333-A3A6-B87B682ABA16}"
EndProject
Project("{FAE04EC0-301F-11D3-BF4B-00C04F79EFBC}") = "RegistrationSources", "RegistrationSources\RegistrationSources.csproj", "{369AF37F-8DF7-45A9-AE21-BECF9219E5E6}"
EndProject
Project("{FAE04EC0-301F-11D3-BF4B-00C04F79EFBC}") = "Adapters", "Adapters\Adapters.csproj", "{22CA673A-9A54-4E83-A30C-2F0915FF21F4}"
EndProject
Project("{FAE04EC0-301F-11D3-BF4B-00C04F79EFBC}") = "Decorators", "Decorators\Decorators.csproj", "{CB7AEC30-96C3-4759-A4C3-96B3347223CA}"
EndProject
Project("{FAE04EC0-301F-11D3-BF4B-00C04F79EFBC}") = "CircularDependencies", "CircularDependencies\CircularDependencies.csproj", "{163A1700-A96B-46FF-870D-CA01D1D5277C}"
EndProject
Project("{FAE04EC0-301F-11D3-BF4B-00C04F79EFBC}") = "AttributeBasedMetadata", "AttributeBasedMetadata\AttributeBasedMetadata.csproj", "{ED026D3A-AF6E-4161-AE37-72DBBF85183A}"
EndProject
Project("{FAE04EC0-301F-11D3-BF4B-00C04F79EFBC}") = "AggregateServices", "AggregateServices\AggregateServices.csproj", "{B7632AEF-A296-4E2A-896F-8D71F2440D34}"
EndProject
Project("{FAE04EC0-301F-11D3-BF4B-00C04F79EFBC}") = "TypeInterceptors", "TypeInterceptors\TypeInterceptors.csproj", "{F3747D5C-1429-4197-ACCE-BCEEF9176272}"
EndProject
Project("{2150E333-8FDC-42A3-9474-1A3956D46DE8}") = "EndOfCourse", "EndOfCourse", "{5BF8A5B3-AB5C-4CAF-9639-60499223BFF3}"
EndProject
Global
	GlobalSection(SolutionConfigurationPlatforms) = preSolution
		Debug|Any CPU = Debug|Any CPU
		Release|Any CPU = Release|Any CPU
	EndGlobalSection
	GlobalSection(ProjectConfigurationPlatforms) = postSolution
		{3C6A4F50-A1E7-4084-AAFA-13046D9D171B}.Debug|Any CPU.ActiveCfg = Debug|Any CPU
		{3C6A4F50-A1E7-4084-AAFA-13046D9D171B}.Debug|Any CPU.Build.0 = Debug|Any CPU
		{3C6A4F50-A1E7-4084-AAFA-13046D9D171B}.Release|Any CPU.ActiveCfg = Release|Any CPU
		{3C6A4F50-A1E7-4084-AAFA-13046D9D171B}.Release|Any CPU.Build.0 = Release|Any CPU
		{9950A3C9-42A3-464E-8C50-178CFD2B24CB}.Debug|Any CPU.ActiveCfg = Debug|Any CPU
		{9950A3C9-42A3-464E-8C50-178CFD2B24CB}.Debug|Any CPU.Build.0 = Debug|Any CPU
		{9950A3C9-42A3-464E-8C50-178CFD2B24CB}.Release|Any CPU.ActiveCfg = Release|Any CPU
		{9950A3C9-42A3-464E-8C50-178CFD2B24CB}.Release|Any CPU.Build.0 = Release|Any CPU
		{CAF243F4-AEC6-4DFA-A401-5B11DB0EF96C}.Debug|Any CPU.ActiveCfg = Debug|Any CPU
		{CAF243F4-AEC6-4DFA-A401-5B11DB0EF96C}.Debug|Any CPU.Build.0 = Debug|Any CPU
		{CAF243F4-AEC6-4DFA-A401-5B11DB0EF96C}.Release|Any CPU.ActiveCfg = Release|Any CPU
		{CAF243F4-AEC6-4DFA-A401-5B11DB0EF96C}.Release|Any CPU.Build.0 = Release|Any CPU
		{A743CF38-4B56-4B9E-9F60-6F7A0D9820B0}.Debug|Any CPU.ActiveCfg = Debug|Any CPU
		{A743CF38-4B56-4B9E-9F60-6F7A0D9820B0}.Debug|Any CPU.Build.0 = Debug|Any CPU
		{A743CF38-4B56-4B9E-9F60-6F7A0D9820B0}.Release|Any CPU.ActiveCfg = Release|Any CPU
		{A743CF38-4B56-4B9E-9F60-6F7A0D9820B0}.Release|Any CPU.Build.0 = Release|Any CPU
		{D9E7EF7F-34FD-430F-BF6A-D68EA97AF15C}.Debug|Any CPU.ActiveCfg = Debug|Any CPU
		{D9E7EF7F-34FD-430F-BF6A-D68EA97AF15C}.Debug|Any CPU.Build.0 = Debug|Any CPU
		{D9E7EF7F-34FD-430F-BF6A-D68EA97AF15C}.Release|Any CPU.ActiveCfg = Release|Any CPU
		{D9E7EF7F-34FD-430F-BF6A-D68EA97AF15C}.Release|Any CPU.Build.0 = Release|Any CPU
		{2966586E-63F3-4EA4-97D5-95AE7AE407A4}.Debug|Any CPU.ActiveCfg = Debug|Any CPU
		{2966586E-63F3-4EA4-97D5-95AE7AE407A4}.Debug|Any CPU.Build.0 = Debug|Any CPU
		{2966586E-63F3-4EA4-97D5-95AE7AE407A4}.Release|Any CPU.ActiveCfg = Release|Any CPU
		{2966586E-63F3-4EA4-97D5-95AE7AE407A4}.Release|Any CPU.Build.0 = Release|Any CPU
		{4F2F94E7-F788-4C87-BCED-ED85E0E26CF8}.Debug|Any CPU.ActiveCfg = Debug|Any CPU
		{4F2F94E7-F788-4C87-BCED-ED85E0E26CF8}.Debug|Any CPU.Build.0 = Debug|Any CPU
		{4F2F94E7-F788-4C87-BCED-ED85E0E26CF8}.Release|Any CPU.ActiveCfg = Release|Any CPU
		{4F2F94E7-F788-4C87-BCED-ED85E0E26CF8}.Release|Any CPU.Build.0 = Release|Any CPU
		{49A164AC-7445-4EE6-B3AA-3B7DE02BAB4F}.Debug|Any CPU.ActiveCfg = Debug|Any CPU
		{49A164AC-7445-4EE6-B3AA-3B7DE02BAB4F}.Debug|Any CPU.Build.0 = Debug|Any CPU
		{49A164AC-7445-4EE6-B3AA-3B7DE02BAB4F}.Release|Any CPU.ActiveCfg = Release|Any CPU
		{49A164AC-7445-4EE6-B3AA-3B7DE02BAB4F}.Release|Any CPU.Build.0 = Release|Any CPU
		{2D88CEE8-3C5F-48FB-ACA4-DDB4571CA78C}.Debug|Any CPU.ActiveCfg = Debug|Any CPU
		{2D88CEE8-3C5F-48FB-ACA4-DDB4571CA78C}.Debug|Any CPU.Build.0 = Debug|Any CPU
		{2D88CEE8-3C5F-48FB-ACA4-DDB4571CA78C}.Release|Any CPU.ActiveCfg = Release|Any CPU
		{2D88CEE8-3C5F-48FB-ACA4-DDB4571CA78C}.Release|Any CPU.Build.0 = Release|Any CPU
		{F6986B75-1B66-4D2D-80E2-8DDD8977456B}.Debug|Any CPU.ActiveCfg = Debug|Any CPU
		{F6986B75-1B66-4D2D-80E2-8DDD8977456B}.Debug|Any CPU.Build.0 = Debug|Any CPU
		{F6986B75-1B66-4D2D-80E2-8DDD8977456B}.Release|Any CPU.ActiveCfg = Release|Any CPU
		{F6986B75-1B66-4D2D-80E2-8DDD8977456B}.Release|Any CPU.Build.0 = Release|Any CPU
		{5773E30B-E078-4D3D-BA9F-ACB9EA9BE036}.Debug|Any CPU.ActiveCfg = Debug|Any CPU
		{5773E30B-E078-4D3D-BA9F-ACB9EA9BE036}.Debug|Any CPU.Build.0 = Debug|Any CPU
		{5773E30B-E078-4D3D-BA9F-ACB9EA9BE036}.Release|Any CPU.ActiveCfg = Release|Any CPU
		{5773E30B-E078-4D3D-BA9F-ACB9EA9BE036}.Release|Any CPU.Build.0 = Release|Any CPU
		{02454647-E407-4F07-8E6C-4C6C201AFB8E}.Debug|Any CPU.ActiveCfg = Debug|Any CPU
		{02454647-E407-4F07-8E6C-4C6C201AFB8E}.Debug|Any CPU.Build.0 = Debug|Any CPU
		{02454647-E407-4F07-8E6C-4C6C201AFB8E}.Release|Any CPU.ActiveCfg = Release|Any CPU
		{02454647-E407-4F07-8E6C-4C6C201AFB8E}.Release|Any CPU.Build.0 = Release|Any CPU
		{FE9C013D-1C83-4134-8C47-7B5B37C239B3}.Debug|Any CPU.ActiveCfg = Debug|Any CPU
		{FE9C013D-1C83-4134-8C47-7B5B37C239B3}.Debug|Any CPU.Build.0 = Debug|Any CPU
		{FE9C013D-1C83-4134-8C47-7B5B37C239B3}.Release|Any CPU.ActiveCfg = Release|Any CPU
		{FE9C013D-1C83-4134-8C47-7B5B37C239B3}.Release|Any CPU.Build.0 = Release|Any CPU
		{C83436F1-8098-4CB6-A33E-7DC27F154CBE}.Debug|Any CPU.ActiveCfg = Debug|Any CPU
		{C83436F1-8098-4CB6-A33E-7DC27F154CBE}.Debug|Any CPU.Build.0 = Debug|Any CPU
		{C83436F1-8098-4CB6-A33E-7DC27F154CBE}.Release|Any CPU.ActiveCfg = Release|Any CPU
		{C83436F1-8098-4CB6-A33E-7DC27F154CBE}.Release|Any CPU.Build.0 = Release|Any CPU
		{1DA45AA3-2F70-489B-9A80-A63E88F3498A}.Debug|Any CPU.ActiveCfg = Debug|Any CPU
		{1DA45AA3-2F70-489B-9A80-A63E88F3498A}.Debug|Any CPU.Build.0 = Debug|Any CPU
		{1DA45AA3-2F70-489B-9A80-A63E88F3498A}.Release|Any CPU.ActiveCfg = Release|Any CPU
		{1DA45AA3-2F70-489B-9A80-A63E88F3498A}.Release|Any CPU.Build.0 = Release|Any CPU
		{17123D59-8737-48D5-86FD-B9EFDE798828}.Debug|Any CPU.ActiveCfg = Debug|Any CPU
		{17123D59-8737-48D5-86FD-B9EFDE798828}.Debug|Any CPU.Build.0 = Debug|Any CPU
		{17123D59-8737-48D5-86FD-B9EFDE798828}.Release|Any CPU.ActiveCfg = Release|Any CPU
		{17123D59-8737-48D5-86FD-B9EFDE798828}.Release|Any CPU.Build.0 = Release|Any CPU
		{896648AC-4DDA-4042-A78A-3EB44BFA9933}.Debug|Any CPU.ActiveCfg = Debug|Any CPU
		{896648AC-4DDA-4042-A78A-3EB44BFA9933}.Debug|Any CPU.Build.0 = Debug|Any CPU
		{896648AC-4DDA-4042-A78A-3EB44BFA9933}.Release|Any CPU.ActiveCfg = Release|Any CPU
		{896648AC-4DDA-4042-A78A-3EB44BFA9933}.Release|Any CPU.Build.0 = Release|Any CPU
		{AFB0C996-7BC5-48AC-AFF8-5037425DFF3A}.Debug|Any CPU.ActiveCfg = Debug|Any CPU
		{AFB0C996-7BC5-48AC-AFF8-5037425DFF3A}.Debug|Any CPU.Build.0 = Debug|Any CPU
		{AFB0C996-7BC5-48AC-AFF8-5037425DFF3A}.Release|Any CPU.ActiveCfg = Release|Any CPU
		{AFB0C996-7BC5-48AC-AFF8-5037425DFF3A}.Release|Any CPU.Build.0 = Release|Any CPU
		{C9D92C43-9081-463A-A9E4-96A46B3D2396}.Debug|Any CPU.ActiveCfg = Debug|Any CPU
		{C9D92C43-9081-463A-A9E4-96A46B3D2396}.Debug|Any CPU.Build.0 = Debug|Any CPU
		{C9D92C43-9081-463A-A9E4-96A46B3D2396}.Release|Any CPU.ActiveCfg = Release|Any CPU
		{C9D92C43-9081-463A-A9E4-96A46B3D2396}.Release|Any CPU.Build.0 = Release|Any CPU
		{19EA4E83-35F5-4E30-8180-5CAE3F7DEE08}.Debug|Any CPU.ActiveCfg = Debug|Any CPU
		{19EA4E83-35F5-4E30-8180-5CAE3F7DEE08}.Debug|Any CPU.Build.0 = Debug|Any CPU
		{19EA4E83-35F5-4E30-8180-5CAE3F7DEE08}.Release|Any CPU.ActiveCfg = Release|Any CPU
		{19EA4E83-35F5-4E30-8180-5CAE3F7DEE08}.Release|Any CPU.Build.0 = Release|Any CPU
		{8CAB2E18-FDDF-4ED9-94E9-2689177D63E9}.Debug|Any CPU.ActiveCfg = Debug|Any CPU
		{8CAB2E18-FDDF-4ED9-94E9-2689177D63E9}.Debug|Any CPU.Build.0 = Debug|Any CPU
		{8CAB2E18-FDDF-4ED9-94E9-2689177D63E9}.Release|Any CPU.ActiveCfg = Release|Any CPU
		{8CAB2E18-FDDF-4ED9-94E9-2689177D63E9}.Release|Any CPU.Build.0 = Release|Any CPU
		{3FC84432-07A5-480B-BF2E-4082F1A61F3C}.Debug|Any CPU.ActiveCfg = Debug|Any CPU
		{3FC84432-07A5-480B-BF2E-4082F1A61F3C}.Debug|Any CPU.Build.0 = Debug|Any CPU
		{3FC84432-07A5-480B-BF2E-4082F1A61F3C}.Release|Any CPU.ActiveCfg = Release|Any CPU
		{3FC84432-07A5-480B-BF2E-4082F1A61F3C}.Release|Any CPU.Build.0 = Release|Any CPU
		{84725A3E-CEF2-465C-B3E0-96C82B8C8C60}.Debug|Any CPU.ActiveCfg = Debug|Any CPU
		{84725A3E-CEF2-465C-B3E0-96C82B8C8C60}.Debug|Any CPU.Build.0 = Debug|Any CPU
		{84725A3E-CEF2-465C-B3E0-96C82B8C8C60}.Release|Any CPU.ActiveCfg = Release|Any CPU
		{84725A3E-CEF2-465C-B3E0-96C82B8C8C60}.Release|Any CPU.Build.0 = Release|Any CPU
		{BC444FA0-5B81-41FF-BCE9-25317C1EEEEB}.Debug|Any CPU.ActiveCfg = Debug|Any CPU
		{BC444FA0-5B81-41FF-BCE9-25317C1EEEEB}.Debug|Any CPU.Build.0 = Debug|Any CPU
		{BC444FA0-5B81-41FF-BCE9-25317C1EEEEB}.Release|Any CPU.ActiveCfg = Release|Any CPU
		{BC444FA0-5B81-41FF-BCE9-25317C1EEEEB}.Release|Any CPU.Build.0 = Release|Any CPU
		{369AF37F-8DF7-45A9-AE21-BECF9219E5E6}.Debug|Any CPU.ActiveCfg = Debug|Any CPU
		{369AF37F-8DF7-45A9-AE21-BECF9219E5E6}.Debug|Any CPU.Build.0 = Debug|Any CPU
		{369AF37F-8DF7-45A9-AE21-BECF9219E5E6}.Release|Any CPU.ActiveCfg = Release|Any CPU
		{369AF37F-8DF7-45A9-AE21-BECF9219E5E6}.Release|Any CPU.Build.0 = Release|Any CPU
		{22CA673A-9A54-4E83-A30C-2F0915FF21F4}.Debug|Any CPU.ActiveCfg = Debug|Any CPU
		{22CA673A-9A54-4E83-A30C-2F0915FF21F4}.Debug|Any CPU.Build.0 = Debug|Any CPU
		{22CA673A-9A54-4E83-A30C-2F0915FF21F4}.Release|Any CPU.ActiveCfg = Release|Any CPU
		{22CA673A-9A54-4E83-A30C-2F0915FF21F4}.Release|Any CPU.Build.0 = Release|Any CPU
		{CB7AEC30-96C3-4759-A4C3-96B3347223CA}.Debug|Any CPU.ActiveCfg = Debug|Any CPU
		{CB7AEC30-96C3-4759-A4C3-96B3347223CA}.Debug|Any CPU.Build.0 = Debug|Any CPU
		{CB7AEC30-96C3-4759-A4C3-96B3347223CA}.Release|Any CPU.ActiveCfg = Release|Any CPU
		{CB7AEC30-96C3-4759-A4C3-96B3347223CA}.Release|Any CPU.Build.0 = Release|Any CPU
		{163A1700-A96B-46FF-870D-CA01D1D5277C}.Debug|Any CPU.ActiveCfg = Debug|Any CPU
		{163A1700-A96B-46FF-870D-CA01D1D5277C}.Debug|Any CPU.Build.0 = Debug|Any CPU
		{163A1700-A96B-46FF-870D-CA01D1D5277C}.Release|Any CPU.ActiveCfg = Release|Any CPU
		{163A1700-A96B-46FF-870D-CA01D1D5277C}.Release|Any CPU.Build.0 = Release|Any CPU
		{ED026D3A-AF6E-4161-AE37-72DBBF85183A}.Debug|Any CPU.ActiveCfg = Debug|Any CPU
		{ED026D3A-AF6E-4161-AE37-72DBBF85183A}.Debug|Any CPU.Build.0 = Debug|Any CPU
		{ED026D3A-AF6E-4161-AE37-72DBBF85183A}.Release|Any CPU.ActiveCfg = Release|Any CPU
		{ED026D3A-AF6E-4161-AE37-72DBBF85183A}.Release|Any CPU.Build.0 = Release|Any CPU
		{B7632AEF-A296-4E2A-896F-8D71F2440D34}.Debug|Any CPU.ActiveCfg = Debug|Any CPU
		{B7632AEF-A296-4E2A-896F-8D71F2440D34}.Debug|Any CPU.Build.0 = Debug|Any CPU
		{B7632AEF-A296-4E2A-896F-8D71F2440D34}.Release|Any CPU.ActiveCfg = Release|Any CPU
		{B7632AEF-A296-4E2A-896F-8D71F2440D34}.Release|Any CPU.Build.0 = Release|Any CPU
		{F3747D5C-1429-4197-ACCE-BCEEF9176272}.Debug|Any CPU.ActiveCfg = Debug|Any CPU
		{F3747D5C-1429-4197-ACCE-BCEEF9176272}.Debug|Any CPU.Build.0 = Debug|Any CPU
		{F3747D5C-1429-4197-ACCE-BCEEF9176272}.Release|Any CPU.ActiveCfg = Release|Any CPU
		{F3747D5C-1429-4197-ACCE-BCEEF9176272}.Release|Any CPU.Build.0 = Release|Any CPU
	EndGlobalSection
	GlobalSection(SolutionProperties) = preSolution
		HideSolutionNode = FALSE
	EndGlobalSection
	GlobalSection(NestedProjects) = preSolution
		{3C6A4F50-A1E7-4084-AAFA-13046D9D171B} = {AE5D1FE2-5D03-4747-AC6B-7F8DF733E5EE}
		{9950A3C9-42A3-464E-8C50-178CFD2B24CB} = {AE5D1FE2-5D03-4747-AC6B-7F8DF733E5EE}
		{CAF243F4-AEC6-4DFA-A401-5B11DB0EF96C} = {AE5D1FE2-5D03-4747-AC6B-7F8DF733E5EE}
		{A743CF38-4B56-4B9E-9F60-6F7A0D9820B0} = {AE5D1FE2-5D03-4747-AC6B-7F8DF733E5EE}
		{D9E7EF7F-34FD-430F-BF6A-D68EA97AF15C} = {AE5D1FE2-5D03-4747-AC6B-7F8DF733E5EE}
		{2966586E-63F3-4EA4-97D5-95AE7AE407A4} = {AE5D1FE2-5D03-4747-AC6B-7F8DF733E5EE}
		{4F2F94E7-F788-4C87-BCED-ED85E0E26CF8} = {AE5D1FE2-5D03-4747-AC6B-7F8DF733E5EE}
		{49A164AC-7445-4EE6-B3AA-3B7DE02BAB4F} = {041967AE-1254-4DBF-9344-0B822A03FF08}
		{2D88CEE8-3C5F-48FB-ACA4-DDB4571CA78C} = {041967AE-1254-4DBF-9344-0B822A03FF08}
		{F6986B75-1B66-4D2D-80E2-8DDD8977456B} = {041967AE-1254-4DBF-9344-0B822A03FF08}
		{5773E30B-E078-4D3D-BA9F-ACB9EA9BE036} = {041967AE-1254-4DBF-9344-0B822A03FF08}
		{02454647-E407-4F07-8E6C-4C6C201AFB8E} = {041967AE-1254-4DBF-9344-0B822A03FF08}
		{FE9C013D-1C83-4134-8C47-7B5B37C239B3} = {041967AE-1254-4DBF-9344-0B822A03FF08}
		{C83436F1-8098-4CB6-A33E-7DC27F154CBE} = {9C64ECD1-8EA6-4EFF-A969-B288B10418D1}
		{1DA45AA3-2F70-489B-9A80-A63E88F3498A} = {9C64ECD1-8EA6-4EFF-A969-B288B10418D1}
		{17123D59-8737-48D5-86FD-B9EFDE798828} = {06782CB3-66D5-47E1-B5C9-0C4DC95CD318}
		{896648AC-4DDA-4042-A78A-3EB44BFA9933} = {06782CB3-66D5-47E1-B5C9-0C4DC95CD318}
		{AFB0C996-7BC5-48AC-AFF8-5037425DFF3A} = {06782CB3-66D5-47E1-B5C9-0C4DC95CD318}
		{C9D92C43-9081-463A-A9E4-96A46B3D2396} = {06782CB3-66D5-47E1-B5C9-0C4DC95CD318}
		{19EA4E83-35F5-4E30-8180-5CAE3F7DEE08} = {06782CB3-66D5-47E1-B5C9-0C4DC95CD318}
		{8CAB2E18-FDDF-4ED9-94E9-2689177D63E9} = {95F1FBD4-3A68-4029-BB4B-40F3A9A290E3}
		{3FC84432-07A5-480B-BF2E-4082F1A61F3C} = {95F1FBD4-3A68-4029-BB4B-40F3A9A290E3}
		{84725A3E-CEF2-465C-B3E0-96C82B8C8C60} = {95F1FBD4-3A68-4029-BB4B-40F3A9A290E3}
		{BC444FA0-5B81-41FF-BCE9-25317C1EEEEB} = {95F1FBD4-3A68-4029-BB4B-40F3A9A290E3}
		{369AF37F-8DF7-45A9-AE21-BECF9219E5E6} = {2B7E6D47-5FAE-4333-A3A6-B87B682ABA16}
		{22CA673A-9A54-4E83-A30C-2F0915FF21F4} = {2B7E6D47-5FAE-4333-A3A6-B87B682ABA16}
		{CB7AEC30-96C3-4759-A4C3-96B3347223CA} = {2B7E6D47-5FAE-4333-A3A6-B87B682ABA16}
		{163A1700-A96B-46FF-870D-CA01D1D5277C} = {2B7E6D47-5FAE-4333-A3A6-B87B682ABA16}
		{ED026D3A-AF6E-4161-AE37-72DBBF85183A} = {2B7E6D47-5FAE-4333-A3A6-B87B682ABA16}
		{B7632AEF-A296-4E2A-896F-8D71F2440D34} = {2B7E6D47-5FAE-4333-A3A6-B87B682ABA16}
		{F3747D5C-1429-4197-ACCE-BCEEF9176272} = {2B7E6D47-5FAE-4333-A3A6-B87B682ABA16}
	EndGlobalSection
	GlobalSection(ExtensibilityGlobals) = postSolution
		SolutionGuid = {96C0D094-69EE-4639-ADF7-E53A7715B9C2}
	EndGlobalSection
EndGlobal
