
Microsoft Visual Studio Solution File, Format Version 12.00
# Visual Studio Version 17
VisualStudioVersion = 17.1.32407.343
MinimumVisualStudioVersion = 10.0.40219.1
Project("{9A19103F-16F7-4668-BE54-9A1E7A4F7556}") = "Autofac.Implementation", "Autofac.Implementation\Autofac.Implementation.csproj", "{3C6A4F50-A1E7-4084-AAFA-13046D9D171B}"
EndProject
Project("{9A19103F-16F7-4668-BE54-9A1E7A4F7556}") = "Without.DI", "Without.DI\Without.DI.csproj", "{9950A3C9-42A3-464E-8C50-178CFD2B24CB}"
EndProject
Project("{FAE04EC0-301F-11D3-BF4B-00C04F79EFBC}") = "DefaultRegistrations", "DefaultRegistrations\DefaultRegistrations.csproj", "{CAF243F4-AEC6-4DFA-A401-5B11DB0EF96C}"
EndProject
Project("{FAE04EC0-301F-11D3-BF4B-00C04F79EFBC}") = "ChoiceOfConstructor", "ChoiceOfConstructor\ChoiceOfConstructor.csproj", "{A743CF38-4B56-4B9E-9F60-6F7A0D9820B0}"
EndProject
Project("{FAE04EC0-301F-11D3-BF4B-00C04F79EFBC}") = "RegisteringInstances", "RegisteringInstances\RegisteringInstances.csproj", "{D9E7EF7F-34FD-430F-BF6A-D68EA97AF15C}"
EndProject
Project("{FAE04EC0-301F-11D3-BF4B-00C04F79EFBC}") = "LambdaExpressionComponents", "LambdaExpressionComponents\LambdaExpressionComponents.csproj", "{2966586E-63F3-4EA4-97D5-95AE7AE407A4}"
EndProject
Project("{FAE04EC0-301F-11D3-BF4B-00C04F79EFBC}") = "OpenGenericComponents", "OpenGenericComponents\OpenGenericComponents.csproj", "{4F2F94E7-F788-4C87-BCED-ED85E0E26CF8}"
EndProject
Project("{2150E333-8FDC-42A3-9474-1A3956D46DE8}") = "RegistrationConcepts", "RegistrationConcepts", "{AE5D1FE2-5D03-4747-AC6B-7F8DF733E5EE}"
EndProject
Project("{2150E333-8FDC-42A3-9474-1A3956D46DE8}") = "AdvancedRegistrationConcepts", "AdvancedRegistrationConcepts", "{041967AE-1254-4DBF-9344-0B822A03FF08}"
EndProject
Project("{FAE04EC0-301F-11D3-BF4B-00C04F79EFBC}") = "PassingParametersToRegister", "PassingParametersToRegister\PassingParametersToRegister.csproj", "{49A164AC-7445-4EE6-B3AA-3B7DE02BAB4F}"
EndProject
Project("{FAE04EC0-301F-11D3-BF4B-00C04F79EFBC}") = "DelegateFactories", "DelegateFactories\DelegateFactories.csproj", "{2D88CEE8-3C5F-48FB-ACA4-DDB4571CA78C}"
EndProject
Project("{FAE04EC0-301F-11D3-BF4B-00C04F79EFBC}") = "ObjectsOnDemand", "ObjectsOnDemand\ObjectsOnDemand.csproj", "{F6986B75-1B66-4D2D-80E2-8DDD8977456B}"
EndProject
Project("{FAE04EC0-301F-11D3-BF4B-00C04F79EFBC}") = "PropertyAndMethodInjection", "PropertyAndMethodInjection\PropertyAndMethodInjection.csproj", "{5773E30B-E078-4D3D-BA9F-ACB9EA9BE036}"
EndProject
Project("{FAE04EC0-301F-11D3-BF4B-00C04F79EFBC}") = "ScanningForTypes", "ScanningForTypes\ScanningForTypes.csproj", "{02454647-E407-4F07-8E6C-4C6C201AFB8E}"
EndProject
Project("{FAE04EC0-301F-11D3-BF4B-00C04F79EFBC}") = "ScanningForModules", "ScanningForModules\ScanningForModules.csproj", "{FE9C013D-1C83-4134-8C47-7B5B37C239B3}"
EndProject
Project("{2150E333-8FDC-42A3-9474-1A3956D46DE8}") = "ImplicitRelationshipTypes", "ImplicitRelationshipTypes", "{9C64ECD1-8EA6-4EFF-A969-B288B10418D1}"
EndProject
Project("{FAE04EC0-301F-11D3-BF4B-00C04F79EFBC}") = "Overview", "Overview\Overview.csproj", "{C83436F1-8098-4CB6-A33E-7DC27F154CBE}"
EndProject
Project("{FAE04EC0-301F-11D3-BF4B-00C04F79EFBC}") = "Summary", "Summary\Summary.csproj", "{1DA45AA3-2F70-489B-9A80-A63E88F3498A}"
EndProject
Project("{2150E333-8FDC-42A3-9474-1A3956D46DE8}") = "ControllingScopeAndLifeTime", "ControllingScopeAndLifeTime", "{06782CB3-66D5-47E1-B5C9-0C4DC95CD318}"
EndProject
Global
	GlobalSection(SolutionConfigurationPlatforms) = preSolution
		Debug|Any CPU = Debug|Any CPU
		Release|Any CPU = Release|Any CPU
	EndGlobalSection
	GlobalSection(ProjectConfigurationPlatforms) = postSolution
		{3C6A4F50-A1E7-4084-AAFA-13046D9D171B}.Debug|Any CPU.ActiveCfg = Debug|Any CPU
		{3C6A4F50-A1E7-4084-AAFA-13046D9D171B}.Debug|Any CPU.Build.0 = Debug|Any CPU
		{3C6A4F50-A1E7-4084-AAFA-13046D9D171B}.Release|Any CPU.ActiveCfg = Release|Any CPU
		{3C6A4F50-A1E7-4084-AAFA-13046D9D171B}.Release|Any CPU.Build.0 = Release|Any CPU
		{9950A3C9-42A3-464E-8C50-178CFD2B24CB}.Debug|Any CPU.ActiveCfg = Debug|Any CPU
		{9950A3C9-42A3-464E-8C50-178CFD2B24CB}.Debug|Any CPU.Build.0 = Debug|Any CPU
		{9950A3C9-42A3-464E-8C50-178CFD2B24CB}.Release|Any CPU.ActiveCfg = Release|Any CPU
		{9950A3C9-42A3-464E-8C50-178CFD2B24CB}.Release|Any CPU.Build.0 = Release|Any CPU
		{CAF243F4-AEC6-4DFA-A401-5B11DB0EF96C}.Debug|Any CPU.ActiveCfg = Debug|Any CPU
		{CAF243F4-AEC6-4DFA-A401-5B11DB0EF96C}.Debug|Any CPU.Build.0 = Debug|Any CPU
		{CAF243F4-AEC6-4DFA-A401-5B11DB0EF96C}.Release|Any CPU.ActiveCfg = Release|Any CPU
		{CAF243F4-AEC6-4DFA-A401-5B11DB0EF96C}.Release|Any CPU.Build.0 = Release|Any CPU
		{A743CF38-4B56-4B9E-9F60-6F7A0D9820B0}.Debug|Any CPU.ActiveCfg = Debug|Any CPU
		{A743CF38-4B56-4B9E-9F60-6F7A0D9820B0}.Debug|Any CPU.Build.0 = Debug|Any CPU
		{A743CF38-4B56-4B9E-9F60-6F7A0D9820B0}.Release|Any CPU.ActiveCfg = Release|Any CPU
		{A743CF38-4B56-4B9E-9F60-6F7A0D9820B0}.Release|Any CPU.Build.0 = Release|Any CPU
		{D9E7EF7F-34FD-430F-BF6A-D68EA97AF15C}.Debug|Any CPU.ActiveCfg = Debug|Any CPU
		{D9E7EF7F-34FD-430F-BF6A-D68EA97AF15C}.Debug|Any CPU.Build.0 = Debug|Any CPU
		{D9E7EF7F-34FD-430F-BF6A-D68EA97AF15C}.Release|Any CPU.ActiveCfg = Release|Any CPU
		{D9E7EF7F-34FD-430F-BF6A-D68EA97AF15C}.Release|Any CPU.Build.0 = Release|Any CPU
		{2966586E-63F3-4EA4-97D5-95AE7AE407A4}.Debug|Any CPU.ActiveCfg = Debug|Any CPU
		{2966586E-63F3-4EA4-97D5-95AE7AE407A4}.Debug|Any CPU.Build.0 = Debug|Any CPU
		{2966586E-63F3-4EA4-97D5-95AE7AE407A4}.Release|Any CPU.ActiveCfg = Release|Any CPU
		{2966586E-63F3-4EA4-97D5-95AE7AE407A4}.Release|Any CPU.Build.0 = Release|Any CPU
		{4F2F94E7-F788-4C87-BCED-ED85E0E26CF8}.Debug|Any CPU.ActiveCfg = Debug|Any CPU
		{4F2F94E7-F788-4C87-BCED-ED85E0E26CF8}.Debug|Any CPU.Build.0 = Debug|Any CPU
		{4F2F94E7-F788-4C87-BCED-ED85E0E26CF8}.Release|Any CPU.ActiveCfg = Release|Any CPU
		{4F2F94E7-F788-4C87-BCED-ED85E0E26CF8}.Release|Any CPU.Build.0 = Release|Any CPU
		{49A164AC-7445-4EE6-B3AA-3B7DE02BAB4F}.Debug|Any CPU.ActiveCfg = Debug|Any CPU
		{49A164AC-7445-4EE6-B3AA-3B7DE02BAB4F}.Debug|Any CPU.Build.0 = Debug|Any CPU
		{49A164AC-7445-4EE6-B3AA-3B7DE02BAB4F}.Release|Any CPU.ActiveCfg = Release|Any CPU
		{49A164AC-7445-4EE6-B3AA-3B7DE02BAB4F}.Release|Any CPU.Build.0 = Release|Any CPU
		{2D88CEE8-3C5F-48FB-ACA4-DDB4571CA78C}.Debug|Any CPU.ActiveCfg = Debug|Any CPU
		{2D88CEE8-3C5F-48FB-ACA4-DDB4571CA78C}.Debug|Any CPU.Build.0 = Debug|Any CPU
		{2D88CEE8-3C5F-48FB-ACA4-DDB4571CA78C}.Release|Any CPU.ActiveCfg = Release|Any CPU
		{2D88CEE8-3C5F-48FB-ACA4-DDB4571CA78C}.Release|Any CPU.Build.0 = Release|Any CPU
		{F6986B75-1B66-4D2D-80E2-8DDD8977456B}.Debug|Any CPU.ActiveCfg = Debug|Any CPU
		{F6986B75-1B66-4D2D-80E2-8DDD8977456B}.Debug|Any CPU.Build.0 = Debug|Any CPU
		{F6986B75-1B66-4D2D-80E2-8DDD8977456B}.Release|Any CPU.ActiveCfg = Release|Any CPU
		{F6986B75-1B66-4D2D-80E2-8DDD8977456B}.Release|Any CPU.Build.0 = Release|Any CPU
		{5773E30B-E078-4D3D-BA9F-ACB9EA9BE036}.Debug|Any CPU.ActiveCfg = Debug|Any CPU
		{5773E30B-E078-4D3D-BA9F-ACB9EA9BE036}.Debug|Any CPU.Build.0 = Debug|Any CPU
		{5773E30B-E078-4D3D-BA9F-ACB9EA9BE036}.Release|Any CPU.ActiveCfg = Release|Any CPU
		{5773E30B-E078-4D3D-BA9F-ACB9EA9BE036}.Release|Any CPU.Build.0 = Release|Any CPU
		{02454647-E407-4F07-8E6C-4C6C201AFB8E}.Debug|Any CPU.ActiveCfg = Debug|Any CPU
		{02454647-E407-4F07-8E6C-4C6C201AFB8E}.Debug|Any CPU.Build.0 = Debug|Any CPU
		{02454647-E407-4F07-8E6C-4C6C201AFB8E}.Release|Any CPU.ActiveCfg = Release|Any CPU
		{02454647-E407-4F07-8E6C-4C6C201AFB8E}.Release|Any CPU.Build.0 = Release|Any CPU
		{FE9C013D-1C83-4134-8C47-7B5B37C239B3}.Debug|Any CPU.ActiveCfg = Debug|Any CPU
		{FE9C013D-1C83-4134-8C47-7B5B37C239B3}.Debug|Any CPU.Build.0 = Debug|Any CPU
		{FE9C013D-1C83-4134-8C47-7B5B37C239B3}.Release|Any CPU.ActiveCfg = Release|Any CPU
		{FE9C013D-1C83-4134-8C47-7B5B37C239B3}.Release|Any CPU.Build.0 = Release|Any CPU
		{C83436F1-8098-4CB6-A33E-7DC27F154CBE}.Debug|Any CPU.ActiveCfg = Debug|Any CPU
		{C83436F1-8098-4CB6-A33E-7DC27F154CBE}.Debug|Any CPU.Build.0 = Debug|Any CPU
		{C83436F1-8098-4CB6-A33E-7DC27F154CBE}.Release|Any CPU.ActiveCfg = Release|Any CPU
		{C83436F1-8098-4CB6-A33E-7DC27F154CBE}.Release|Any CPU.Build.0 = Release|Any CPU
		{1DA45AA3-2F70-489B-9A80-A63E88F3498A}.Debug|Any CPU.ActiveCfg = Debug|Any CPU
		{1DA45AA3-2F70-489B-9A80-A63E88F3498A}.Debug|Any CPU.Build.0 = Debug|Any CPU
		{1DA45AA3-2F70-489B-9A80-A63E88F3498A}.Release|Any CPU.ActiveCfg = Release|Any CPU
		{1DA45AA3-2F70-489B-9A80-A63E88F3498A}.Release|Any CPU.Build.0 = Release|Any CPU
	EndGlobalSection
	GlobalSection(SolutionProperties) = preSolution
		HideSolutionNode = FALSE
	EndGlobalSection
	GlobalSection(NestedProjects) = preSolution
		{3C6A4F50-A1E7-4084-AAFA-13046D9D171B} = {AE5D1FE2-5D03-4747-AC6B-7F8DF733E5EE}
		{9950A3C9-42A3-464E-8C50-178CFD2B24CB} = {AE5D1FE2-5D03-4747-AC6B-7F8DF733E5EE}
		{CAF243F4-AEC6-4DFA-A401-5B11DB0EF96C} = {AE5D1FE2-5D03-4747-AC6B-7F8DF733E5EE}
		{A743CF38-4B56-4B9E-9F60-6F7A0D9820B0} = {AE5D1FE2-5D03-4747-AC6B-7F8DF733E5EE}
		{D9E7EF7F-34FD-430F-BF6A-D68EA97AF15C} = {AE5D1FE2-5D03-4747-AC6B-7F8DF733E5EE}
		{2966586E-63F3-4EA4-97D5-95AE7AE407A4} = {AE5D1FE2-5D03-4747-AC6B-7F8DF733E5EE}
		{4F2F94E7-F788-4C87-BCED-ED85E0E26CF8} = {AE5D1FE2-5D03-4747-AC6B-7F8DF733E5EE}
		{49A164AC-7445-4EE6-B3AA-3B7DE02BAB4F} = {041967AE-1254-4DBF-9344-0B822A03FF08}
		{2D88CEE8-3C5F-48FB-ACA4-DDB4571CA78C} = {041967AE-1254-4DBF-9344-0B822A03FF08}
		{F6986B75-1B66-4D2D-80E2-8DDD8977456B} = {041967AE-1254-4DBF-9344-0B822A03FF08}
		{5773E30B-E078-4D3D-BA9F-ACB9EA9BE036} = {041967AE-1254-4DBF-9344-0B822A03FF08}
		{02454647-E407-4F07-8E6C-4C6C201AFB8E} = {041967AE-1254-4DBF-9344-0B822A03FF08}
		{FE9C013D-1C83-4134-8C47-7B5B37C239B3} = {041967AE-1254-4DBF-9344-0B822A03FF08}
		{C83436F1-8098-4CB6-A33E-7DC27F154CBE} = {9C64ECD1-8EA6-4EFF-A969-B288B10418D1}
		{1DA45AA3-2F70-489B-9A80-A63E88F3498A} = {9C64ECD1-8EA6-4EFF-A969-B288B10418D1}
	EndGlobalSection
	GlobalSection(ExtensibilityGlobals) = postSolution
		SolutionGuid = {96C0D094-69EE-4639-ADF7-E53A7715B9C2}
	EndGlobalSection
EndGlobal
