
Microsoft Visual Studio Solution File, Format Version 12.00
# Visual Studio Version 17
VisualStudioVersion = 17.1.32407.343
MinimumVisualStudioVersion = 10.0.40219.1
Project("{FAE04EC0-301F-11D3-BF4B-00C04F79EFBC}") = "Autofac.Implementation", "Autofac.Implementation\Autofac.Implementation.csproj", "{3C6A4F50-A1E7-4084-AAFA-13046D9D171B}"
EndProject
Project("{FAE04EC0-301F-11D3-BF4B-00C04F79EFBC}") = "Without.DI", "Without.DI\Without.DI.csproj", "{9950A3C9-42A3-464E-8C50-178CFD2B24CB}"
EndProject
Global
	GlobalSection(SolutionConfigurationPlatforms) = preSolution
		Debug|Any CPU = Debug|Any CPU
		Release|Any CPU = Release|Any CPU
	EndGlobalSection
	GlobalSection(ProjectConfigurationPlatforms) = postSolution
		{3C6A4F50-A1E7-4084-AAFA-13046D9D171B}.Debug|Any CPU.ActiveCfg = Debug|Any CPU
		{3C6A4F50-A1E7-4084-AAFA-13046D9D171B}.Debug|Any CPU.Build.0 = Debug|Any CPU
		{3C6A4F50-A1E7-4084-AAFA-13046D9D171B}.Release|Any CPU.ActiveCfg = Release|Any CPU
		{3C6A4F50-A1E7-4084-AAFA-13046D9D171B}.Release|Any CPU.Build.0 = Release|Any CPU
		{9950A3C9-42A3-464E-8C50-178CFD2B24CB}.Debug|Any CPU.ActiveCfg = Debug|Any CPU
		{9950A3C9-42A3-464E-8C50-178CFD2B24CB}.Debug|Any CPU.Build.0 = Debug|Any CPU
		{9950A3C9-42A3-464E-8C50-178CFD2B24CB}.Release|Any CPU.ActiveCfg = Release|Any CPU
		{9950A3C9-42A3-464E-8C50-178CFD2B24CB}.Release|Any CPU.Build.0 = Release|Any CPU
	EndGlobalSection
	GlobalSection(SolutionProperties) = preSolution
		HideSolutionNode = FALSE
	EndGlobalSection
	GlobalSection(ExtensibilityGlobals) = postSolution
		SolutionGuid = {96C0D094-69EE-4639-ADF7-E53A7715B9C2}
	EndGlobalSection
EndGlobal
